PODS:
  - Alamofire (5.4.4)
  - AlamofireNetworkActivityLogger (3.4.0):
    - Alamofire (~> 5.4.0)
  - Kingfisher (7.6.2)
  - Moya (15.0.0):
    - Moya/Core (= 15.0.0)
  - Moya/Core (15.0.0):
    - Alamofire (~> 5.0)

DEPENDENCIES:
  - AlamofireNetworkActivityLogger
  - Kingfisher
  - Moya

SPEC REPOS:
  trunk:
    - Alamofire
    - AlamofireNetworkActivityLogger
    - Kingfisher
    - Moya

SPEC CHECKSUMS:
  Alamofire: f3b09a368f1582ab751b3fff5460276e0d2cf5c9
  AlamofireNetworkActivityLogger: 162ab8aee00e6267a4304d7cc134e13ccfe3bcc5
  Kingfisher: 6c5449c6450c5239166510ba04afe374a98afc4f
  Moya: 138f0573e53411fb3dc17016add0b748dfbd78ee

PODFILE CHECKSUM: 9d75b71472f65c977bb7cd31153a9cbe57e717d9

COCOAPODS: 1.12.1
